
Microsoft Visual Studio Solution File, Format Version 12.00
# Visual Studio Version 16
VisualStudioVersion = 16.0.30907.101
MinimumVisualStudioVersion = 10.0.40219.1
Project("{FAE04EC0-301F-11D3-BF4B-00C04F79EFBC}") = "Narail", "Narail\Narail.csproj", "{3250100B-2352-44C9-A825-A58FDAC85E22}"
EndProject
Global
	GlobalSection(SolutionConfigurationPlatforms) = preSolution
		Debug|Any CPU = Debug|Any CPU
		Release|Any CPU = Release|Any CPU
	EndGlobalSection
	GlobalSection(ProjectConfigurationPlatforms) = postSolution
		{3250100B-2352-44C9-A825-A58FDAC85E22}.Debug|Any CPU.ActiveCfg = Debug|Any CPU
		{3250100B-2352-44C9-A825-A58FDAC85E22}.Debug|Any CPU.Build.0 = Debug|Any CPU
		{3250100B-2352-44C9-A825-A58FDAC85E22}.Release|Any CPU.ActiveCfg = Release|Any CPU
		{3250100B-2352-44C9-A825-A58FDAC85E22}.Release|Any CPU.Build.0 = Release|Any CPU
	EndGlobalSection
	GlobalSection(SolutionProperties) = preSolution
		HideSolutionNode = FALSE
	EndGlobalSection
	GlobalSection(ExtensibilityGlobals) = postSolution
		SolutionGuid = {A9DBC2EC-DE5C-434C-8E42-6BFDA4BB7D78}
	EndGlobalSection
EndGlobal
